// !$*UTF8*$!
{
	archiveVersion = 1;
	classes = {
	};
	objectVersion = 46;
	objects = {

/* Begin PBXBuildFile section */
		E236C2751890EEAD003E8F49 /* User.m in Sources */ = {isa = PBXBuildFile; fileRef = E236C2741890EEAD003E8F49 /* User.m */; };
		E236C27818910D8D003E8F49 /* MenuViewController.m in Sources */ = {isa = PBXBuildFile; fileRef = E236C27718910D8D003E8F49 /* MenuViewController.m */; };
		E236C27B1891111E003E8F49 /* DocumentsListViewController.m in Sources */ = {isa = PBXBuildFile; fileRef = E236C27A1891111E003E8F49 /* DocumentsListViewController.m */; };
		E236C27E18912319003E8F49 /* FolderItem.m in Sources */ = {isa = PBXBuildFile; fileRef = E236C27D18912319003E8F49 /* FolderItem.m */; };
		E236C28118912F92003E8F49 /* WebViewController.m in Sources */ = {isa = PBXBuildFile; fileRef = E236C28018912F92003E8F49 /* WebViewController.m */; };
		E236C285189135F9003E8F49 /* FolderItemCustomCell.m in Sources */ = {isa = PBXBuildFile; fileRef = E236C284189135F9003E8F49 /* FolderItemCustomCell.m */; };
		E236C28818914972003E8F49 /* DocumentDetailsViewController.m in Sources */ = {isa = PBXBuildFile; fileRef = E236C28718914972003E8F49 /* DocumentDetailsViewController.m */; };
		E252BCEF188F7F2400532B90 /* Foundation.framework in Frameworks */ = {isa = PBXBuildFile; fileRef = E252BCEE188F7F2400532B90 /* Foundation.framework */; };
		E252BCF1188F7F2400532B90 /* CoreGraphics.framework in Frameworks */ = {isa = PBXBuildFile; fileRef = E252BCF0188F7F2400532B90 /* CoreGraphics.framework */; };
		E252BCF3188F7F2400532B90 /* UIKit.framework in Frameworks */ = {isa = PBXBuildFile; fileRef = E252BCF2188F7F2400532B90 /* UIKit.framework */; };
		E252BCF9188F7F2400532B90 /* InfoPlist.strings in Resources */ = {isa = PBXBuildFile; fileRef = E252BCF7188F7F2400532B90 /* InfoPlist.strings */; };
		E252BCFB188F7F2400532B90 /* main.m in Sources */ = {isa = PBXBuildFile; fileRef = E252BCFA188F7F2400532B90 /* main.m */; };
		E252BD02188F7F2400532B90 /* Main.storyboard in Resources */ = {isa = PBXBuildFile; fileRef = E252BD00188F7F2400532B90 /* Main.storyboard */; };
		E252BD07188F7F2400532B90 /* Images.xcassets in Resources */ = {isa = PBXBuildFile; fileRef = E252BD06188F7F2400532B90 /* Images.xcassets */; };
		E252BD0E188F7F2500532B90 /* XCTest.framework in Frameworks */ = {isa = PBXBuildFile; fileRef = E252BD0D188F7F2500532B90 /* XCTest.framework */; };
		E252BD0F188F7F2500532B90 /* Foundation.framework in Frameworks */ = {isa = PBXBuildFile; fileRef = E252BCEE188F7F2400532B90 /* Foundation.framework */; };
		E252BD10188F7F2500532B90 /* UIKit.framework in Frameworks */ = {isa = PBXBuildFile; fileRef = E252BCF2188F7F2400532B90 /* UIKit.framework */; };
		E252BD18188F7F2500532B90 /* InfoPlist.strings in Resources */ = {isa = PBXBuildFile; fileRef = E252BD16188F7F2500532B90 /* InfoPlist.strings */; };
		E252BD1A188F7F2500532B90 /* DocuSignTests.m in Sources */ = {isa = PBXBuildFile; fileRef = E252BD19188F7F2500532B90 /* DocuSignTests.m */; };
		E252BD2A188F7FFE00532B90 /* AppDelegate.m in Sources */ = {isa = PBXBuildFile; fileRef = E252BD26188F7FFE00532B90 /* AppDelegate.m */; };
		E2A8145918927230001B3845 /* MBProgressHUD.m in Sources */ = {isa = PBXBuildFile; fileRef = E2A8145818927230001B3845 /* MBProgressHUD.m */; };
		E2A8145C18928162001B3845 /* SignatureRequestViewController.m in Sources */ = {isa = PBXBuildFile; fileRef = E2A8145B18928162001B3845 /* SignatureRequestViewController.m */; };
		E2ABC6131894BC4700CD289C /* EnvelopeTemplate.m in Sources */ = {isa = PBXBuildFile; fileRef = E2ABC6121894BC4700CD289C /* EnvelopeTemplate.m */; };
		E2D1E73A18965DAE002CD0B7 /* Envelope.m in Sources */ = {isa = PBXBuildFile; fileRef = E2D1E73918965DAE002CD0B7 /* Envelope.m */; };
		E2D1E740189665FD002CD0B7 /* EnvelopesListViewController.m in Sources */ = {isa = PBXBuildFile; fileRef = E2D1E73F189665FD002CD0B7 /* EnvelopesListViewController.m */; };
		E2D4005D1894F8AA00A2F6D8 /* LocalDocumentsViewController.m in Sources */ = {isa = PBXBuildFile; fileRef = E2D4005C1894F8AA00A2F6D8 /* LocalDocumentsViewController.m */; };
		E2D400601895051400A2F6D8 /* LocalDocument.m in Sources */ = {isa = PBXBuildFile; fileRef = E2D4005F1895051400A2F6D8 /* LocalDocument.m */; };
		E2D4006418950B6E00A2F6D8 /* Another Dummy Document.docx in Resources */ = {isa = PBXBuildFile; fileRef = E2D400611895096500A2F6D8 /* Another Dummy Document.docx */; };
		E2D4006518950B6E00A2F6D8 /* Dummy Document.docx in Resources */ = {isa = PBXBuildFile; fileRef = E2D400621895096500A2F6D8 /* Dummy Document.docx */; };
		E2D4006818951A4800A2F6D8 /* DownloadedDocumentsViewController.m in Sources */ = {isa = PBXBuildFile; fileRef = E2D4006718951A4800A2F6D8 /* DownloadedDocumentsViewController.m */; };
		E2D998DF18938E23004F3799 /* DownloadedDocument.m in Sources */ = {isa = PBXBuildFile; fileRef = E2D998DE18938E23004F3799 /* DownloadedDocument.m */; };
		E2D998E21893C5AD004F3799 /* TemplatesViewController.m in Sources */ = {isa = PBXBuildFile; fileRef = E2D998E11893C5AD004F3799 /* TemplatesViewController.m */; };
		E2FC83EB1890B55100EEE39E /* DocuSignClient.m in Sources */ = {isa = PBXBuildFile; fileRef = E2FC83EA1890B55100EEE39E /* DocuSignClient.m */; };
		E2FC83F11890C96D00EEE39E /* LoginViewController.m in Sources */ = {isa = PBXBuildFile; fileRef = E2FC83F01890C96D00EEE39E /* LoginViewController.m */; };
		E2FEF4B51892D1BA0015E07F /* AddressBookUI.framework in Frameworks */ = {isa = PBXBuildFile; fileRef = E2FEF4B41892D1BA0015E07F /* AddressBookUI.framework */; };
/* End PBXBuildFile section */

/* Begin PBXContainerItemProxy section */
		E252BD11188F7F2500532B90 /* PBXContainerItemProxy */ = {
			isa = PBXContainerItemProxy;
			containerPortal = E252BCE3188F7F2400532B90 /* Project object */;
			proxyType = 1;
			remoteGlobalIDString = E252BCEA188F7F2400532B90;
			remoteInfo = DocuSign;
		};
/* End PBXContainerItemProxy section */

/* Begin PBXFileReference section */
		E236C2731890EEAD003E8F49 /* User.h */ = {isa = PBXFileReference; fileEncoding = 4; lastKnownFileType = sourcecode.c.h; path = User.h; sourceTree = "<group>"; };
		E236C2741890EEAD003E8F49 /* User.m */ = {isa = PBXFileReference; fileEncoding = 4; lastKnownFileType = sourcecode.c.objc; path = User.m; sourceTree = "<group>"; };
		E236C27618910D8D003E8F49 /* MenuViewController.h */ = {isa = PBXFileReference; fileEncoding = 4; lastKnownFileType = sourcecode.c.h; path = MenuViewController.h; sourceTree = "<group>"; };
		E236C27718910D8D003E8F49 /* MenuViewController.m */ = {isa = PBXFileReference; fileEncoding = 4; lastKnownFileType = sourcecode.c.objc; path = MenuViewController.m; sourceTree = "<group>"; };
		E236C2791891111E003E8F49 /* DocumentsListViewController.h */ = {isa = PBXFileReference; fileEncoding = 4; lastKnownFileType = sourcecode.c.h; path = DocumentsListViewController.h; sourceTree = "<group>"; };
		E236C27A1891111E003E8F49 /* DocumentsListViewController.m */ = {isa = PBXFileReference; fileEncoding = 4; lastKnownFileType = sourcecode.c.objc; path = DocumentsListViewController.m; sourceTree = "<group>"; };
		E236C27C18912319003E8F49 /* FolderItem.h */ = {isa = PBXFileReference; fileEncoding = 4; lastKnownFileType = sourcecode.c.h; path = FolderItem.h; sourceTree = "<group>"; };
		E236C27D18912319003E8F49 /* FolderItem.m */ = {isa = PBXFileReference; fileEncoding = 4; lastKnownFileType = sourcecode.c.objc; path = FolderItem.m; sourceTree = "<group>"; };
		E236C27F18912F92003E8F49 /* WebViewController.h */ = {isa = PBXFileReference; fileEncoding = 4; lastKnownFileType = sourcecode.c.h; path = WebViewController.h; sourceTree = "<group>"; };
		E236C28018912F92003E8F49 /* WebViewController.m */ = {isa = PBXFileReference; fileEncoding = 4; lastKnownFileType = sourcecode.c.objc; path = WebViewController.m; sourceTree = "<group>"; };
		E236C283189135F9003E8F49 /* FolderItemCustomCell.h */ = {isa = PBXFileReference; fileEncoding = 4; lastKnownFileType = sourcecode.c.h; path = FolderItemCustomCell.h; sourceTree = "<group>"; };
		E236C284189135F9003E8F49 /* FolderItemCustomCell.m */ = {isa = PBXFileReference; fileEncoding = 4; lastKnownFileType = sourcecode.c.objc; path = FolderItemCustomCell.m; sourceTree = "<group>"; };
		E236C28618914972003E8F49 /* DocumentDetailsViewController.h */ = {isa = PBXFileReference; fileEncoding = 4; lastKnownFileType = sourcecode.c.h; path = DocumentDetailsViewController.h; sourceTree = "<group>"; };
		E236C28718914972003E8F49 /* DocumentDetailsViewController.m */ = {isa = PBXFileReference; fileEncoding = 4; lastKnownFileType = sourcecode.c.objc; path = DocumentDetailsViewController.m; sourceTree = "<group>"; };
		E252BCEB188F7F2400532B90 /* DocuSign.app */ = {isa = PBXFileReference; explicitFileType = wrapper.application; includeInIndex = 0; path = DocuSign.app; sourceTree = BUILT_PRODUCTS_DIR; };
		E252BCEE188F7F2400532B90 /* Foundation.framework */ = {isa = PBXFileReference; lastKnownFileType = wrapper.framework; name = Foundation.framework; path = System/Library/Frameworks/Foundation.framework; sourceTree = SDKROOT; };
		E252BCF0188F7F2400532B90 /* CoreGraphics.framework */ = {isa = PBXFileReference; lastKnownFileType = wrapper.framework; name = CoreGraphics.framework; path = System/Library/Frameworks/CoreGraphics.framework; sourceTree = SDKROOT; };
		E252BCF2188F7F2400532B90 /* UIKit.framework */ = {isa = PBXFileReference; lastKnownFileType = wrapper.framework; name = UIKit.framework; path = System/Library/Frameworks/UIKit.framework; sourceTree = SDKROOT; };
		E252BCF6188F7F2400532B90 /* DocuSign-Info.plist */ = {isa = PBXFileReference; lastKnownFileType = text.plist.xml; path = "DocuSign-Info.plist"; sourceTree = "<group>"; };
		E252BCF8188F7F2400532B90 /* en */ = {isa = PBXFileReference; lastKnownFileType = text.plist.strings; name = en; path = en.lproj/InfoPlist.strings; sourceTree = "<group>"; };
		E252BCFA188F7F2400532B90 /* main.m */ = {isa = PBXFileReference; lastKnownFileType = sourcecode.c.objc; path = main.m; sourceTree = "<group>"; };
		E252BCFC188F7F2400532B90 /* DocuSign-Prefix.pch */ = {isa = PBXFileReference; lastKnownFileType = sourcecode.c.h; path = "DocuSign-Prefix.pch"; sourceTree = "<group>"; };
		E252BD01188F7F2400532B90 /* Base */ = {isa = PBXFileReference; lastKnownFileType = file.storyboard; name = Base; path = Base.lproj/Main.storyboard; sourceTree = "<group>"; };
		E252BD06188F7F2400532B90 /* Images.xcassets */ = {isa = PBXFileReference; lastKnownFileType = folder.assetcatalog; path = Images.xcassets; sourceTree = "<group>"; };
		E252BD0C188F7F2500532B90 /* DocuSignTests.xctest */ = {isa = PBXFileReference; explicitFileType = wrapper.cfbundle; includeInIndex = 0; path = DocuSignTests.xctest; sourceTree = BUILT_PRODUCTS_DIR; };
		E252BD0D188F7F2500532B90 /* XCTest.framework */ = {isa = PBXFileReference; lastKnownFileType = wrapper.framework; name = XCTest.framework; path = Library/Frameworks/XCTest.framework; sourceTree = DEVELOPER_DIR; };
		E252BD15188F7F2500532B90 /* DocuSignTests-Info.plist */ = {isa = PBXFileReference; lastKnownFileType = text.plist.xml; path = "DocuSignTests-Info.plist"; sourceTree = "<group>"; };
		E252BD17188F7F2500532B90 /* en */ = {isa = PBXFileReference; lastKnownFileType = text.plist.strings; name = en; path = en.lproj/InfoPlist.strings; sourceTree = "<group>"; };
		E252BD19188F7F2500532B90 /* DocuSignTests.m */ = {isa = PBXFileReference; lastKnownFileType = sourcecode.c.objc; path = DocuSignTests.m; sourceTree = "<group>"; };
		E252BD25188F7FFE00532B90 /* AppDelegate.h */ = {isa = PBXFileReference; fileEncoding = 4; lastKnownFileType = sourcecode.c.h; path = AppDelegate.h; sourceTree = "<group>"; };
		E252BD26188F7FFE00532B90 /* AppDelegate.m */ = {isa = PBXFileReference; fileEncoding = 4; lastKnownFileType = sourcecode.c.objc; path = AppDelegate.m; sourceTree = "<group>"; };
		E2A8145718927230001B3845 /* MBProgressHUD.h */ = {isa = PBXFileReference; fileEncoding = 4; lastKnownFileType = sourcecode.c.h; path = MBProgressHUD.h; sourceTree = "<group>"; };
		E2A8145818927230001B3845 /* MBProgressHUD.m */ = {isa = PBXFileReference; fileEncoding = 4; lastKnownFileType = sourcecode.c.objc; path = MBProgressHUD.m; sourceTree = "<group>"; };
		E2A8145A18928162001B3845 /* SignatureRequestViewController.h */ = {isa = PBXFileReference; fileEncoding = 4; lastKnownFileType = sourcecode.c.h; path = SignatureRequestViewController.h; sourceTree = "<group>"; };
		E2A8145B18928162001B3845 /* SignatureRequestViewController.m */ = {isa = PBXFileReference; fileEncoding = 4; lastKnownFileType = sourcecode.c.objc; path = SignatureRequestViewController.m; sourceTree = "<group>"; };
		E2ABC6111894BC4700CD289C /* EnvelopeTemplate.h */ = {isa = PBXFileReference; fileEncoding = 4; lastKnownFileType = sourcecode.c.h; path = EnvelopeTemplate.h; sourceTree = "<group>"; };
		E2ABC6121894BC4700CD289C /* EnvelopeTemplate.m */ = {isa = PBXFileReference; fileEncoding = 4; lastKnownFileType = sourcecode.c.objc; path = EnvelopeTemplate.m; sourceTree = "<group>"; };
		E2D1E73818965DAE002CD0B7 /* Envelope.h */ = {isa = PBXFileReference; fileEncoding = 4; lastKnownFileType = sourcecode.c.h; path = Envelope.h; sourceTree = "<group>"; };
		E2D1E73918965DAE002CD0B7 /* Envelope.m */ = {isa = PBXFileReference; fileEncoding = 4; lastKnownFileType = sourcecode.c.objc; path = Envelope.m; sourceTree = "<group>"; };
		E2D1E73E189665FD002CD0B7 /* EnvelopesListViewController.h */ = {isa = PBXFileReference; fileEncoding = 4; lastKnownFileType = sourcecode.c.h; path = EnvelopesListViewController.h; sourceTree = "<group>"; };
		E2D1E73F189665FD002CD0B7 /* EnvelopesListViewController.m */ = {isa = PBXFileReference; fileEncoding = 4; lastKnownFileType = sourcecode.c.objc; path = EnvelopesListViewController.m; sourceTree = "<group>"; };
		E2D4005B1894F8AA00A2F6D8 /* LocalDocumentsViewController.h */ = {isa = PBXFileReference; fileEncoding = 4; lastKnownFileType = sourcecode.c.h; path = LocalDocumentsViewController.h; sourceTree = "<group>"; };
		E2D4005C1894F8AA00A2F6D8 /* LocalDocumentsViewController.m */ = {isa = PBXFileReference; fileEncoding = 4; lastKnownFileType = sourcecode.c.objc; path = LocalDocumentsViewController.m; sourceTree = "<group>"; };
		E2D4005E1895051400A2F6D8 /* LocalDocument.h */ = {isa = PBXFileReference; fileEncoding = 4; lastKnownFileType = sourcecode.c.h; path = LocalDocument.h; sourceTree = "<group>"; };
		E2D4005F1895051400A2F6D8 /* LocalDocument.m */ = {isa = PBXFileReference; fileEncoding = 4; lastKnownFileType = sourcecode.c.objc; path = LocalDocument.m; sourceTree = "<group>"; };
		E2D400611895096500A2F6D8 /* Another Dummy Document.docx */ = {isa = PBXFileReference; lastKnownFileType = file; path = "Another Dummy Document.docx"; sourceTree = "<group>"; };
		E2D400621895096500A2F6D8 /* Dummy Document.docx */ = {isa = PBXFileReference; lastKnownFileType = file; path = "Dummy Document.docx"; sourceTree = "<group>"; };
		E2D4006618951A4800A2F6D8 /* DownloadedDocumentsViewController.h */ = {isa = PBXFileReference; fileEncoding = 4; lastKnownFileType = sourcecode.c.h; path = DownloadedDocumentsViewController.h; sourceTree = "<group>"; };
		E2D4006718951A4800A2F6D8 /* DownloadedDocumentsViewController.m */ = {isa = PBXFileReference; fileEncoding = 4; lastKnownFileType = sourcecode.c.objc; path = DownloadedDocumentsViewController.m; sourceTree = "<group>"; };
		E2D998DD18938E23004F3799 /* DownloadedDocument.h */ = {isa = PBXFileReference; fileEncoding = 4; lastKnownFileType = sourcecode.c.h; path = DownloadedDocument.h; sourceTree = "<group>"; };
		E2D998DE18938E23004F3799 /* DownloadedDocument.m */ = {isa = PBXFileReference; fileEncoding = 4; lastKnownFileType = sourcecode.c.objc; path = DownloadedDocument.m; sourceTree = "<group>"; };
		E2D998E01893C5AD004F3799 /* TemplatesViewController.h */ = {isa = PBXFileReference; fileEncoding = 4; lastKnownFileType = sourcecode.c.h; path = TemplatesViewController.h; sourceTree = "<group>"; };
		E2D998E11893C5AD004F3799 /* TemplatesViewController.m */ = {isa = PBXFileReference; fileEncoding = 4; lastKnownFileType = sourcecode.c.objc; path = TemplatesViewController.m; sourceTree = "<group>"; };
		E2FC83E91890B55100EEE39E /* DocuSignClient.h */ = {isa = PBXFileReference; fileEncoding = 4; lastKnownFileType = sourcecode.c.h; path = DocuSignClient.h; sourceTree = "<group>"; };
		E2FC83EA1890B55100EEE39E /* DocuSignClient.m */ = {isa = PBXFileReference; fileEncoding = 4; lastKnownFileType = sourcecode.c.objc; path = DocuSignClient.m; sourceTree = "<group>"; };
		E2FC83EF1890C96D00EEE39E /* LoginViewController.h */ = {isa = PBXFileReference; fileEncoding = 4; lastKnownFileType = sourcecode.c.h; path = LoginViewController.h; sourceTree = "<group>"; };
		E2FC83F01890C96D00EEE39E /* LoginViewController.m */ = {isa = PBXFileReference; fileEncoding = 4; lastKnownFileType = sourcecode.c.objc; path = LoginViewController.m; sourceTree = "<group>"; };
		E2FEF4B41892D1BA0015E07F /* AddressBookUI.framework */ = {isa = PBXFileReference; lastKnownFileType = wrapper.framework; name = AddressBookUI.framework; path = System/Library/Frameworks/AddressBookUI.framework; sourceTree = SDKROOT; };
/* End PBXFileReference section */

/* Begin PBXFrameworksBuildPhase section */
		E252BCE8188F7F2400532B90 /* Frameworks */ = {
			isa = PBXFrameworksBuildPhase;
			buildActionMask = 2147483647;
			files = (
				E2FEF4B51892D1BA0015E07F /* AddressBookUI.framework in Frameworks */,
				E252BCF1188F7F2400532B90 /* CoreGraphics.framework in Frameworks */,
				E252BCF3188F7F2400532B90 /* UIKit.framework in Frameworks */,
				E252BCEF188F7F2400532B90 /* Foundation.framework in Frameworks */,
			);
			runOnlyForDeploymentPostprocessing = 0;
		};
		E252BD09188F7F2500532B90 /* Frameworks */ = {
			isa = PBXFrameworksBuildPhase;
			buildActionMask = 2147483647;
			files = (
				E252BD0E188F7F2500532B90 /* XCTest.framework in Frameworks */,
				E252BD10188F7F2500532B90 /* UIKit.framework in Frameworks */,
				E252BD0F188F7F2500532B90 /* Foundation.framework in Frameworks */,
			);
			runOnlyForDeploymentPostprocessing = 0;
		};
/* End PBXFrameworksBuildPhase section */

/* Begin PBXGroup section */
		E236C2721890EEA1003E8F49 /* Models */ = {
			isa = PBXGroup;
			children = (
				E2D998DD18938E23004F3799 /* DownloadedDocument.h */,
				E2D998DE18938E23004F3799 /* DownloadedDocument.m */,
				E2D1E73818965DAE002CD0B7 /* Envelope.h */,
				E2D1E73918965DAE002CD0B7 /* Envelope.m */,
				E2ABC6111894BC4700CD289C /* EnvelopeTemplate.h */,
				E2ABC6121894BC4700CD289C /* EnvelopeTemplate.m */,
				E236C27C18912319003E8F49 /* FolderItem.h */,
				E236C27D18912319003E8F49 /* FolderItem.m */,
				E2D4005E1895051400A2F6D8 /* LocalDocument.h */,
				E2D4005F1895051400A2F6D8 /* LocalDocument.m */,
				E236C2731890EEAD003E8F49 /* User.h */,
				E236C2741890EEAD003E8F49 /* User.m */,
			);
			path = Models;
			sourceTree = "<group>";
		};
		E236C28218913571003E8F49 /* Views */ = {
			isa = PBXGroup;
			children = (
				E236C283189135F9003E8F49 /* FolderItemCustomCell.h */,
				E236C284189135F9003E8F49 /* FolderItemCustomCell.m */,
			);
			path = Views;
			sourceTree = "<group>";
		};
		E252BCE2188F7F2400532B90 = {
			isa = PBXGroup;
			children = (
				E252BCF4188F7F2400532B90 /* DocuSign */,
				E252BD13188F7F2500532B90 /* DocuSignTests */,
				E252BCED188F7F2400532B90 /* Frameworks */,
				E252BCEC188F7F2400532B90 /* Products */,
			);
			sourceTree = "<group>";
		};
		E252BCEC188F7F2400532B90 /* Products */ = {
			isa = PBXGroup;
			children = (
				E252BCEB188F7F2400532B90 /* DocuSign.app */,
				E252BD0C188F7F2500532B90 /* DocuSignTests.xctest */,
			);
			name = Products;
			sourceTree = "<group>";
		};
		E252BCED188F7F2400532B90 /* Frameworks */ = {
			isa = PBXGroup;
			children = (
				E2FEF4B41892D1BA0015E07F /* AddressBookUI.framework */,
				E252BCEE188F7F2400532B90 /* Foundation.framework */,
				E252BCF0188F7F2400532B90 /* CoreGraphics.framework */,
				E252BCF2188F7F2400532B90 /* UIKit.framework */,
				E252BD0D188F7F2500532B90 /* XCTest.framework */,
			);
			name = Frameworks;
			sourceTree = "<group>";
		};
		E252BCF4188F7F2400532B90 /* DocuSign */ = {
			isa = PBXGroup;
			children = (
				E252BD24188F7FFE00532B90 /* Application */,
				E236C2721890EEA1003E8F49 /* Models */,
				E2FC83E81890B50700EEE39E /* Operations */,
				E252BD27188F7FFE00532B90 /* ViewControllers */,
				E236C28218913571003E8F49 /* Views */,
				E252BD00188F7F2400532B90 /* Main.storyboard */,
				E252BD06188F7F2400532B90 /* Images.xcassets */,
				E2A8145618927230001B3845 /* Externals */,
				E252BCF5188F7F2400532B90 /* Supporting Files */,
			);
			path = DocuSign;
			sourceTree = "<group>";
		};
		E252BCF5188F7F2400532B90 /* Supporting Files */ = {
			isa = PBXGroup;
			children = (
				E2D400631895096B00A2F6D8 /* Local Documents */,
				E252BCF6188F7F2400532B90 /* DocuSign-Info.plist */,
				E252BCF7188F7F2400532B90 /* InfoPlist.strings */,
				E252BCFA188F7F2400532B90 /* main.m */,
				E252BCFC188F7F2400532B90 /* DocuSign-Prefix.pch */,
			);
			name = "Supporting Files";
			sourceTree = "<group>";
		};
		E252BD13188F7F2500532B90 /* DocuSignTests */ = {
			isa = PBXGroup;
			children = (
				E252BD19188F7F2500532B90 /* DocuSignTests.m */,
				E252BD14188F7F2500532B90 /* Supporting Files */,
			);
			path = DocuSignTests;
			sourceTree = "<group>";
		};
		E252BD14188F7F2500532B90 /* Supporting Files */ = {
			isa = PBXGroup;
			children = (
				E252BD15188F7F2500532B90 /* DocuSignTests-Info.plist */,
				E252BD16188F7F2500532B90 /* InfoPlist.strings */,
			);
			name = "Supporting Files";
			sourceTree = "<group>";
		};
		E252BD24188F7FFE00532B90 /* Application */ = {
			isa = PBXGroup;
			children = (
				E252BD25188F7FFE00532B90 /* AppDelegate.h */,
				E252BD26188F7FFE00532B90 /* AppDelegate.m */,
			);
			path = Application;
			sourceTree = "<group>";
		};
		E252BD27188F7FFE00532B90 /* ViewControllers */ = {
			isa = PBXGroup;
			children = (
				E236C28618914972003E8F49 /* DocumentDetailsViewController.h */,
				E236C28718914972003E8F49 /* DocumentDetailsViewController.m */,
				E236C2791891111E003E8F49 /* DocumentsListViewController.h */,
				E236C27A1891111E003E8F49 /* DocumentsListViewController.m */,
				E2D4006618951A4800A2F6D8 /* DownloadedDocumentsViewController.h */,
				E2D4006718951A4800A2F6D8 /* DownloadedDocumentsViewController.m */,
				E2D1E73E189665FD002CD0B7 /* EnvelopesListViewController.h */,
				E2D1E73F189665FD002CD0B7 /* EnvelopesListViewController.m */,
				E2D4005B1894F8AA00A2F6D8 /* LocalDocumentsViewController.h */,
				E2D4005C1894F8AA00A2F6D8 /* LocalDocumentsViewController.m */,
				E2FC83EF1890C96D00EEE39E /* LoginViewController.h */,
				E2FC83F01890C96D00EEE39E /* LoginViewController.m */,
				E236C27618910D8D003E8F49 /* MenuViewController.h */,
				E236C27718910D8D003E8F49 /* MenuViewController.m */,
				E2A8145A18928162001B3845 /* SignatureRequestViewController.h */,
				E2A8145B18928162001B3845 /* SignatureRequestViewController.m */,
				E2D998E01893C5AD004F3799 /* TemplatesViewController.h */,
				E2D998E11893C5AD004F3799 /* TemplatesViewController.m */,
				E236C27F18912F92003E8F49 /* WebViewController.h */,
				E236C28018912F92003E8F49 /* WebViewController.m */,
			);
			path = ViewControllers;
			sourceTree = "<group>";
		};
		E2A8145618927230001B3845 /* Externals */ = {
			isa = PBXGroup;
			children = (
				E2A8145718927230001B3845 /* MBProgressHUD.h */,
				E2A8145818927230001B3845 /* MBProgressHUD.m */,
			);
			path = Externals;
			sourceTree = "<group>";
		};
		E2D400631895096B00A2F6D8 /* Local Documents */ = {
			isa = PBXGroup;
			children = (
				E2D400611895096500A2F6D8 /* Another Dummy Document.docx */,
				E2D400621895096500A2F6D8 /* Dummy Document.docx */,
			);
			name = "Local Documents";
			sourceTree = "<group>";
		};
		E2FC83E81890B50700EEE39E /* Operations */ = {
			isa = PBXGroup;
			children = (
				E2FC83E91890B55100EEE39E /* DocuSignClient.h */,
				E2FC83EA1890B55100EEE39E /* DocuSignClient.m */,
			);
			path = Operations;
			sourceTree = "<group>";
		};
/* End PBXGroup section */

/* Begin PBXNativeTarget section */
		E252BCEA188F7F2400532B90 /* DocuSign */ = {
			isa = PBXNativeTarget;
			buildConfigurationList = E252BD1D188F7F2500532B90 /* Build configuration list for PBXNativeTarget "DocuSign" */;
			buildPhases = (
				E252BCE7188F7F2400532B90 /* Sources */,
				E252BCE8188F7F2400532B90 /* Frameworks */,
				E252BCE9188F7F2400532B90 /* Resources */,
			);
			buildRules = (
			);
			dependencies = (
			);
			name = DocuSign;
			productName = DocuSign;
			productReference = E252BCEB188F7F2400532B90 /* DocuSign.app */;
			productType = "com.apple.product-type.application";
		};
		E252BD0B188F7F2500532B90 /* DocuSignTests */ = {
			isa = PBXNativeTarget;
			buildConfigurationList = E252BD20188F7F2500532B90 /* Build configuration list for PBXNativeTarget "DocuSignTests" */;
			buildPhases = (
				E252BD08188F7F2500532B90 /* Sources */,
				E252BD09188F7F2500532B90 /* Frameworks */,
				E252BD0A188F7F2500532B90 /* Resources */,
			);
			buildRules = (
			);
			dependencies = (
				E252BD12188F7F2500532B90 /* PBXTargetDependency */,
			);
			name = DocuSignTests;
			productName = DocuSignTests;
			productReference = E252BD0C188F7F2500532B90 /* DocuSignTests.xctest */;
			productType = "com.apple.product-type.bundle.unit-test";
		};
/* End PBXNativeTarget section */

/* Begin PBXProject section */
		E252BCE3188F7F2400532B90 /* Project object */ = {
			isa = PBXProject;
			attributes = {
				LastUpgradeCheck = 0500;
				ORGANIZATIONNAME = TopCoder;
				TargetAttributes = {
					E252BD0B188F7F2500532B90 = {
						TestTargetID = E252BCEA188F7F2400532B90;
					};
				};
			};
			buildConfigurationList = E252BCE6188F7F2400532B90 /* Build configuration list for PBXProject "DocuSign" */;
			compatibilityVersion = "Xcode 3.2";
			developmentRegion = English;
			hasScannedForEncodings = 0;
			knownRegions = (
				en,
				Base,
			);
			mainGroup = E252BCE2188F7F2400532B90;
			productRefGroup = E252BCEC188F7F2400532B90 /* Products */;
			projectDirPath = "";
			projectRoot = "";
			targets = (
				E252BCEA188F7F2400532B90 /* DocuSign */,
				E252BD0B188F7F2500532B90 /* DocuSignTests */,
			);
		};
/* End PBXProject section */

/* Begin PBXResourcesBuildPhase section */
		E252BCE9188F7F2400532B90 /* Resources */ = {
			isa = PBXResourcesBuildPhase;
			buildActionMask = 2147483647;
			files = (
				E2D4006418950B6E00A2F6D8 /* Another Dummy Document.docx in Resources */,
				E2D4006518950B6E00A2F6D8 /* Dummy Document.docx in Resources */,
				E252BD07188F7F2400532B90 /* Images.xcassets in Resources */,
				E252BCF9188F7F2400532B90 /* InfoPlist.strings in Resources */,
				E252BD02188F7F2400532B90 /* Main.storyboard in Resources */,
			);
			runOnlyForDeploymentPostprocessing = 0;
		};
		E252BD0A188F7F2500532B90 /* Resources */ = {
			isa = PBXResourcesBuildPhase;
			buildActionMask = 2147483647;
			files = (
				E252BD18188F7F2500532B90 /* InfoPlist.strings in Resources */,
			);
			runOnlyForDeploymentPostprocessing = 0;
		};
/* End PBXResourcesBuildPhase section */

/* Begin PBXSourcesBuildPhase section */
		E252BCE7188F7F2400532B90 /* Sources */ = {
			isa = PBXSourcesBuildPhase;
			buildActionMask = 2147483647;
			files = (
				E2A8145C18928162001B3845 /* SignatureRequestViewController.m in Sources */,
				E252BD2A188F7FFE00532B90 /* AppDelegate.m in Sources */,
				E2D4006818951A4800A2F6D8 /* DownloadedDocumentsViewController.m in Sources */,
				E2D1E740189665FD002CD0B7 /* EnvelopesListViewController.m in Sources */,
				E2D400601895051400A2F6D8 /* LocalDocument.m in Sources */,
				E236C27B1891111E003E8F49 /* DocumentsListViewController.m in Sources */,
				E2D1E73A18965DAE002CD0B7 /* Envelope.m in Sources */,
				E236C28818914972003E8F49 /* DocumentDetailsViewController.m in Sources */,
				E236C27E18912319003E8F49 /* FolderItem.m in Sources */,
				E252BCFB188F7F2400532B90 /* main.m in Sources */,
				E236C28118912F92003E8F49 /* WebViewController.m in Sources */,
				E2ABC6131894BC4700CD289C /* EnvelopeTemplate.m in Sources */,
				E2D998E21893C5AD004F3799 /* TemplatesViewController.m in Sources */,
				E236C2751890EEAD003E8F49 /* User.m in Sources */,
				E2A8145918927230001B3845 /* MBProgressHUD.m in Sources */,
				E2FC83EB1890B55100EEE39E /* DocuSignClient.m in Sources */,
				E236C285189135F9003E8F49 /* FolderItemCustomCell.m in Sources */,
				E236C27818910D8D003E8F49 /* MenuViewController.m in Sources */,
				E2FC83F11890C96D00EEE39E /* LoginViewController.m in Sources */,
				E2D4005D1894F8AA00A2F6D8 /* LocalDocumentsViewController.m in Sources */,
				E2D998DF18938E23004F3799 /* DownloadedDocument.m in Sources */,
			);
			runOnlyForDeploymentPostprocessing = 0;
		};
		E252BD08188F7F2500532B90 /* Sources */ = {
			isa = PBXSourcesBuildPhase;
			buildActionMask = 2147483647;
			files = (
				E252BD1A188F7F2500532B90 /* DocuSignTests.m in Sources */,
			);
			runOnlyForDeploymentPostprocessing = 0;
		};
/* End PBXSourcesBuildPhase section */

/* Begin PBXTargetDependency section */
		E252BD12188F7F2500532B90 /* PBXTargetDependency */ = {
			isa = PBXTargetDependency;
			target = E252BCEA188F7F2400532B90 /* DocuSign */;
			targetProxy = E252BD11188F7F2500532B90 /* PBXContainerItemProxy */;
		};
/* End PBXTargetDependency section */

/* Begin PBXVariantGroup section */
		E252BCF7188F7F2400532B90 /* InfoPlist.strings */ = {
			isa = PBXVariantGroup;
			children = (
				E252BCF8188F7F2400532B90 /* en */,
			);
			name = InfoPlist.strings;
			sourceTree = "<group>";
		};
		E252BD00188F7F2400532B90 /* Main.storyboard */ = {
			isa = PBXVariantGroup;
			children = (
				E252BD01188F7F2400532B90 /* Base */,
			);
			name = Main.storyboard;
			sourceTree = "<group>";
		};
		E252BD16188F7F2500532B90 /* InfoPlist.strings */ = {
			isa = PBXVariantGroup;
			children = (
				E252BD17188F7F2500532B90 /* en */,
			);
			name = InfoPlist.strings;
			sourceTree = "<group>";
		};
/* End PBXVariantGroup section */

/* Begin XCBuildConfiguration section */
		E252BD1B188F7F2500532B90 /* Debug */ = {
			isa = XCBuildConfiguration;
			buildSettings = {
				ALWAYS_SEARCH_USER_PATHS = NO;
				ARCHS = "$(ARCHS_STANDARD_INCLUDING_64_BIT)";
				CLANG_CXX_LANGUAGE_STANDARD = "gnu++0x";
				CLANG_CXX_LIBRARY = "libc++";
				CLANG_ENABLE_MODULES = YES;
				CLANG_ENABLE_OBJC_ARC = YES;
				CLANG_WARN_BOOL_CONVERSION = YES;
				CLANG_WARN_CONSTANT_CONVERSION = YES;
				CLANG_WARN_DIRECT_OBJC_ISA_USAGE = YES_ERROR;
				CLANG_WARN_EMPTY_BODY = YES;
				CLANG_WARN_ENUM_CONVERSION = YES;
				CLANG_WARN_INT_CONVERSION = YES;
				CLANG_WARN_OBJC_ROOT_CLASS = YES_ERROR;
				CLANG_WARN__DUPLICATE_METHOD_MATCH = YES;
				"CODE_SIGN_IDENTITY[sdk=iphoneos*]" = "iPhone Developer";
				COPY_PHASE_STRIP = NO;
				GCC_C_LANGUAGE_STANDARD = gnu99;
				GCC_DYNAMIC_NO_PIC = NO;
				GCC_OPTIMIZATION_LEVEL = 0;
				GCC_PREPROCESSOR_DEFINITIONS = (
					"DEBUG=1",
					"$(inherited)",
				);
				GCC_SYMBOLS_PRIVATE_EXTERN = NO;
				GCC_WARN_64_TO_32_BIT_CONVERSION = YES;
				GCC_WARN_ABOUT_RETURN_TYPE = YES_ERROR;
				GCC_WARN_UNDECLARED_SELECTOR = YES;
				GCC_WARN_UNINITIALIZED_AUTOS = YES;
				GCC_WARN_UNUSED_FUNCTION = YES;
				GCC_WARN_UNUSED_VARIABLE = YES;
				IPHONEOS_DEPLOYMENT_TARGET = 7.0;
				ONLY_ACTIVE_ARCH = YES;
				SDKROOT = iphoneos;
			};
			name = Debug;
		};
		E252BD1C188F7F2500532B90 /* Release */ = {
			isa = XCBuildConfiguration;
			buildSettings = {
				ALWAYS_SEARCH_USER_PATHS = NO;
				ARCHS = "$(ARCHS_STANDARD_INCLUDING_64_BIT)";
				CLANG_CXX_LANGUAGE_STANDARD = "gnu++0x";
				CLANG_CXX_LIBRARY = "libc++";
				CLANG_ENABLE_MODULES = YES;
				CLANG_ENABLE_OBJC_ARC = YES;
				CLANG_WARN_BOOL_CONVERSION = YES;
				CLANG_WARN_CONSTANT_CONVERSION = YES;
				CLANG_WARN_DIRECT_OBJC_ISA_USAGE = YES_ERROR;
				CLANG_WARN_EMPTY_BODY = YES;
				CLANG_WARN_ENUM_CONVERSION = YES;
				CLANG_WARN_INT_CONVERSION = YES;
				CLANG_WARN_OBJC_ROOT_CLASS = YES_ERROR;
				CLANG_WARN__DUPLICATE_METHOD_MATCH = YES;
				"CODE_SIGN_IDENTITY[sdk=iphoneos*]" = "iPhone Developer";
				COPY_PHASE_STRIP = YES;
				ENABLE_NS_ASSERTIONS = NO;
				GCC_C_LANGUAGE_STANDARD = gnu99;
				GCC_WARN_64_TO_32_BIT_CONVERSION = YES;
				GCC_WARN_ABOUT_RETURN_TYPE = YES_ERROR;
				GCC_WARN_UNDECLARED_SELECTOR = YES;
				GCC_WARN_UNINITIALIZED_AUTOS = YES;
				GCC_WARN_UNUSED_FUNCTION = YES;
				GCC_WARN_UNUSED_VARIABLE = YES;
				IPHONEOS_DEPLOYMENT_TARGET = 7.0;
				SDKROOT = iphoneos;
				VALIDATE_PRODUCT = YES;
			};
			name = Release;
		};
		E252BD1E188F7F2500532B90 /* Debug */ = {
			isa = XCBuildConfiguration;
			buildSettings = {
				ASSETCATALOG_COMPILER_APPICON_NAME = AppIcon;
				ASSETCATALOG_COMPILER_LAUNCHIMAGE_NAME = LaunchImage;
				GCC_PRECOMPILE_PREFIX_HEADER = YES;
				GCC_PREFIX_HEADER = "DocuSign/DocuSign-Prefix.pch";
				INFOPLIST_FILE = "DocuSign/DocuSign-Info.plist";
				PRODUCT_NAME = "$(TARGET_NAME)";
				WRAPPER_EXTENSION = app;
			};
			name = Debug;
		};
		E252BD1F188F7F2500532B90 /* Release */ = {
			isa = XCBuildConfiguration;
			buildSettings = {
				ASSETCATALOG_COMPILER_APPICON_NAME = AppIcon;
				ASSETCATALOG_COMPILER_LAUNCHIMAGE_NAME = LaunchImage;
				GCC_PRECOMPILE_PREFIX_HEADER = YES;
				GCC_PREFIX_HEADER = "DocuSign/DocuSign-Prefix.pch";
				INFOPLIST_FILE = "DocuSign/DocuSign-Info.plist";
				PRODUCT_NAME = "$(TARGET_NAME)";
				WRAPPER_EXTENSION = app;
			};
			name = Release;
		};
		E252BD21188F7F2500532B90 /* Debug */ = {
			isa = XCBuildConfiguration;
			buildSettings = {
				ARCHS = "$(ARCHS_STANDARD_INCLUDING_64_BIT)";
				BUNDLE_LOADER = "$(BUILT_PRODUCTS_DIR)/DocuSign.app/DocuSign";
				FRAMEWORK_SEARCH_PATHS = (
					"$(SDKROOT)/Developer/Library/Frameworks",
					"$(inherited)",
					"$(DEVELOPER_FRAMEWORKS_DIR)",
				);
				GCC_PRECOMPILE_PREFIX_HEADER = YES;
				GCC_PREFIX_HEADER = "DocuSign/DocuSign-Prefix.pch";
				GCC_PREPROCESSOR_DEFINITIONS = (
					"DEBUG=1",
					"$(inherited)",
				);
				INFOPLIST_FILE = "DocuSignTests/DocuSignTests-Info.plist";
				PRODUCT_NAME = "$(TARGET_NAME)";
				TEST_HOST = "$(BUNDLE_LOADER)";
				WRAPPER_EXTENSION = xctest;
			};
			name = Debug;
		};
		E252BD22188F7F2500532B90 /* Release */ = {
			isa = XCBuildConfiguration;
			buildSettings = {
				ARCHS = "$(ARCHS_STANDARD_INCLUDING_64_BIT)";
				BUNDLE_LOADER = "$(BUILT_PRODUCTS_DIR)/DocuSign.app/DocuSign";
				FRAMEWORK_SEARCH_PATHS = (
					"$(SDKROOT)/Developer/Library/Frameworks",
					"$(inherited)",
					"$(DEVELOPER_FRAMEWORKS_DIR)",
				);
				GCC_PRECOMPILE_PREFIX_HEADER = YES;
				GCC_PREFIX_HEADER = "DocuSign/DocuSign-Prefix.pch";
				INFOPLIST_FILE = "DocuSignTests/DocuSignTests-Info.plist";
				PRODUCT_NAME = "$(TARGET_NAME)";
				TEST_HOST = "$(BUNDLE_LOADER)";
				WRAPPER_EXTENSION = xctest;
			};
			name = Release;
		};
/* End XCBuildConfiguration section */

/* Begin XCConfigurationList section */
		E252BCE6188F7F2400532B90 /* Build configuration list for PBXProject "DocuSign" */ = {
			isa = XCConfigurationList;
			buildConfigurations = (
				E252BD1B188F7F2500532B90 /* Debug */,
				E252BD1C188F7F2500532B90 /* Release */,
			);
			defaultConfigurationIsVisible = 0;
			defaultConfigurationName = Release;
		};
		E252BD1D188F7F2500532B90 /* Build configuration list for PBXNativeTarget "DocuSign" */ = {
			isa = XCConfigurationList;
			buildConfigurations = (
				E252BD1E188F7F2500532B90 /* Debug */,
				E252BD1F188F7F2500532B90 /* Release */,
			);
			defaultConfigurationIsVisible = 0;
			defaultConfigurationName = Release;
		};
		E252BD20188F7F2500532B90 /* Build configuration list for PBXNativeTarget "DocuSignTests" */ = {
			isa = XCConfigurationList;
			buildConfigurations = (
				E252BD21188F7F2500532B90 /* Debug */,
				E252BD22188F7F2500532B90 /* Release */,
			);
			defaultConfigurationIsVisible = 0;
			defaultConfigurationName = Release;
		};
/* End XCConfigurationList section */
	};
	rootObject = E252BCE3188F7F2400532B90 /* Project object */;
}
